
Microsoft Visual Studio Solution File, Format Version 12.00
# Visual Studio Version 17
VisualStudioVersion = 17.7.34031.279
MinimumVisualStudioVersion = 10.0.40219.1
Project("{9A19103F-16F7-4668-BE54-9A1E7A4F7556}") = "Logbook1", "Logbook1\Logbook1.csproj", "{A00175ED-9BC9-44D4-B6E4-D99C05D3751D}"
EndProject
Project("{9A19103F-16F7-4668-BE54-9A1E7A4F7556}") = "Logbook2", "LogBook2\Logbook2.csproj", "{EC8AEB3D-8BD7-4DFE-8038-86423F9C8224}"
EndProject
Global
	GlobalSection(SolutionConfigurationPlatforms) = preSolution
		Debug|Any CPU = Debug|Any CPU
		Release|Any CPU = Release|Any CPU
	EndGlobalSection
	GlobalSection(ProjectConfigurationPlatforms) = postSolution
		{A00175ED-9BC9-44D4-B6E4-D99C05D3751D}.Debug|Any CPU.ActiveCfg = Debug|Any CPU
		{A00175ED-9BC9-44D4-B6E4-D99C05D3751D}.Debug|Any CPU.Build.0 = Debug|Any CPU
		{A00175ED-9BC9-44D4-B6E4-D99C05D3751D}.Release|Any CPU.ActiveCfg = Release|Any CPU
		{A00175ED-9BC9-44D4-B6E4-D99C05D3751D}.Release|Any CPU.Build.0 = Release|Any CPU
		{EC8AEB3D-8BD7-4DFE-8038-86423F9C8224}.Debug|Any CPU.ActiveCfg = Debug|Any CPU
		{EC8AEB3D-8BD7-4DFE-8038-86423F9C8224}.Debug|Any CPU.Build.0 = Debug|Any CPU
		{EC8AEB3D-8BD7-4DFE-8038-86423F9C8224}.Release|Any CPU.ActiveCfg = Release|Any CPU
		{EC8AEB3D-8BD7-4DFE-8038-86423F9C8224}.Release|Any CPU.Build.0 = Release|Any CPU
	EndGlobalSection
	GlobalSection(SolutionProperties) = preSolution
		HideSolutionNode = FALSE
	EndGlobalSection
	GlobalSection(ExtensibilityGlobals) = postSolution
		SolutionGuid = {1D110BDF-8DBC-4B1C-983C-EA400E805735}
	EndGlobalSection
EndGlobal
